lockfileVersion: 5.4

specifiers:
  '@faker-js/faker': ^7.6.0
  '@tanstack/react-table': ^8.7.9
  react-table-filter: ^2.0.2

dependencies:
  '@faker-js/faker': 7.6.0
  '@tanstack/react-table': 8.7.9
  react-table-filter: 2.0.2

packages:

  /@faker-js/faker/7.6.0:
    resolution: {integrity: sha512-XK6BTq1NDMo9Xqw/YkYyGjSsg44fbNwYRx7QK2CuoQgyy+f1rrTDHoExVM5PsyXCtfl2vs2vVJ0MN0yN6LppRw==}
    engines: {node: '>=14.0.0', npm: '>=6.0.0'}
    dev: false

  /@tanstack/react-table/8.7.9:
    resolution: {integrity: sha512-6MbbQn5AupSOkek1+6IYu+1yZNthAKTRZw9tW92Vi6++iRrD1GbI3lKTjJalf8lEEKOqapPzQPE20nywu0PjCA==}
    engines: {node: '>=12'}
    peerDependencies:
      react: '>=16'
      react-dom: '>=16'
    dependencies:
      '@tanstack/table-core': 8.7.9
    dev: false

  /@tanstack/table-core/8.7.9:
    resolution: {integrity: sha512-4RkayPMV1oS2SKDXfQbFoct1w5k+pvGpmX18tCXMofK/VDRdA2hhxfsQlMvsJ4oTX8b0CI4Y3GDKn5T425jBCw==}
    engines: {node: '>=12'}
    dev: false

  /js-tokens/4.0.0:
    resolution: {integrity: sha512-RdJUflcE3cUzKiMqQgsCu06FPu9UdIJO0beYbPhHN4k6apgJtifcoCtT9bcxOpYBtpD2kCM6Sbzg4CausW/PKQ==}
    dev: false

  /loose-envify/1.4.0:
    resolution: {integrity: sha512-lyuxPGr/Wfhrlem2CL/UcnUc1zcqKAImBDzukY7Y5F/yQiNdko6+fRLevlw1HgMySw7f611UIY408EtxRSoK3Q==}
    hasBin: true
    dependencies:
      js-tokens: 4.0.0
    dev: false

  /object-assign/4.1.1:
    resolution: {integrity: sha512-rJgTQnkUnH1sFw8yT6VSU3zD3sWmu6sZhIseY8VX+GRu3P6F7Fu+JNDoXfklElbLJSnc3FUQHVe4cU5hj+BcUg==}
    engines: {node: '>=0.10.0'}
    dev: false

  /prop-types/15.8.1:
    resolution: {integrity: sha512-oj87CgZICdulUohogVAR7AjlC0327U4el4L6eAvOqCeudMDVU0NThNaV+b9Df4dXgSP1gXMTnPdhfe/2qDH5cg==}
    dependencies:
      loose-envify: 1.4.0
      object-assign: 4.1.1
      react-is: 16.13.1
    dev: false

  /react-is/16.13.1:
    resolution: {integrity: sha512-24e6ynE2H+OKt4kqsOvNd8kBpV65zoxbA4BVsEOB3ARVWQki/DHzaUoC5KuON/BiccDaCCTZBuOcfZs70kR8bQ==}
    dev: false

  /react-table-filter/2.0.2:
    resolution: {integrity: sha512-ewjsmYmUyy/0E/yXPjOwSnpmKubqhNPNMiHJcnlyuqxxBRkC5/+exnTFOflJomEnW5EcxmsoSOJigpOERPHxWQ==}
    peerDependencies:
      react: '*'
      react-dom: '*'
    dependencies:
      prop-types: 15.8.1
    dev: false
